
Microsoft Visual Studio Solution File, Format Version 12.00
Project("{FAE04EC0-301F-11D3-BF4B-00C04F79EFBC}") = "Heron.MudTotalCalendar", "Heron.MudTotalCalendar\Heron.MudTotalCalendar.csproj", "{C72B65B3-DA7D-486B-AEBA-2D28EEE65CA6}"
EndProject
Project("{FAE04EC0-301F-11D3-BF4B-00C04F79EFBC}") = "Heron.MudTotalCalendar.UnitTests.Viewer", "Heron.MudTotalCalendar.UnitTests.Viewer\Heron.MudTotalCalendar.UnitTests.Viewer.csproj", "{FE2EDA7A-5B3A-45BE-B61E-F72ABB4DAEA0}"
EndProject
Project("{FAE04EC0-301F-11D3-BF4B-00C04F79EFBC}") = "Heron.MudCalendar", "..\Heron.MudCalendar\Heron.MudCalendar\Heron.MudCalendar.csproj", "{D14624EE-16F2-45B0-9A9A-2FC2CE99B6AB}"
EndProject
Project("{FAE04EC0-301F-11D3-BF4B-00C04F79EFBC}") = "Heron.MudTotalCalendar.UnitTests", "Heron.MudTotalCalendar.UnitTests\Heron.MudTotalCalendar.UnitTests.csproj", "{CACE2739-0FD0-4729-A572-893688E94406}"
EndProject
Global
	GlobalSection(SolutionConfigurationPlatforms) = preSolution
		Debug|Any CPU = Debug|Any CPU
		Release|Any CPU = Release|Any CPU
	EndGlobalSection
	GlobalSection(ProjectConfigurationPlatforms) = postSolution
		{C72B65B3-DA7D-486B-AEBA-2D28EEE65CA6}.Debug|Any CPU.ActiveCfg = Debug|Any CPU
		{C72B65B3-DA7D-486B-AEBA-2D28EEE65CA6}.Debug|Any CPU.Build.0 = Debug|Any CPU
		{C72B65B3-DA7D-486B-AEBA-2D28EEE65CA6}.Release|Any CPU.ActiveCfg = Release|Any CPU
		{C72B65B3-DA7D-486B-AEBA-2D28EEE65CA6}.Release|Any CPU.Build.0 = Release|Any CPU
		{FE2EDA7A-5B3A-45BE-B61E-F72ABB4DAEA0}.Debug|Any CPU.ActiveCfg = Debug|Any CPU
		{FE2EDA7A-5B3A-45BE-B61E-F72ABB4DAEA0}.Debug|Any CPU.Build.0 = Debug|Any CPU
		{FE2EDA7A-5B3A-45BE-B61E-F72ABB4DAEA0}.Release|Any CPU.ActiveCfg = Release|Any CPU
		{FE2EDA7A-5B3A-45BE-B61E-F72ABB4DAEA0}.Release|Any CPU.Build.0 = Release|Any CPU
		{D14624EE-16F2-45B0-9A9A-2FC2CE99B6AB}.Debug|Any CPU.ActiveCfg = Debug|Any CPU
		{D14624EE-16F2-45B0-9A9A-2FC2CE99B6AB}.Debug|Any CPU.Build.0 = Debug|Any CPU
		{D14624EE-16F2-45B0-9A9A-2FC2CE99B6AB}.Release|Any CPU.ActiveCfg = Release|Any CPU
		{D14624EE-16F2-45B0-9A9A-2FC2CE99B6AB}.Release|Any CPU.Build.0 = Release|Any CPU
		{CACE2739-0FD0-4729-A572-893688E94406}.Debug|Any CPU.ActiveCfg = Debug|Any CPU
		{CACE2739-0FD0-4729-A572-893688E94406}.Debug|Any CPU.Build.0 = Debug|Any CPU
		{CACE2739-0FD0-4729-A572-893688E94406}.Release|Any CPU.ActiveCfg = Release|Any CPU
		{CACE2739-0FD0-4729-A572-893688E94406}.Release|Any CPU.Build.0 = Release|Any CPU
	EndGlobalSection
EndGlobal
